
Microsoft Visual Studio Solution File, Format Version 12.00
# Visual Studio 2013
VisualStudioVersion = 12.0.30723.0
MinimumVisualStudioVersion = 10.0.40219.1
Project("{FAE04EC0-301F-11D3-BF4B-00C04F79EFBC}") = "GurlFeed", "GurlFeed\GurlFeed.csproj", "{8889E44C-6AF9-423A-8875-4BEC2496D376}"
EndProject
Project("{2150E333-8FDC-42A3-9474-1A3956D46DE8}") = ".nuget", ".nuget", "{F38A6BF8-5114-40CD-BDD1-48545F66D5A4}"
	ProjectSection(SolutionItems) = preProject
		.nuget\NuGet.Config = .nuget\NuGet.Config
		.nuget\NuGet.exe = .nuget\NuGet.exe
		.nuget\NuGet.targets = .nuget\NuGet.targets
	EndProjectSection
EndProject
Project("{FAE04EC0-301F-11D3-BF4B-00C04F79EFBC}") = "InstaSharp", "InstaSharp\InstaSharp.csproj", "{BC4FEEA1-4EC9-4562-9E8E-EB82E57E554A}"
EndProject
Project("{FAE04EC0-301F-11D3-BF4B-00C04F79EFBC}") = "GurlFeed.Tests", "GurlFeed.Tests\GurlFeed.Tests.csproj", "{DB7BC253-08FC-45F4-AB71-9ACE82F55ED5}"
EndProject
Global
	GlobalSection(SolutionConfigurationPlatforms) = preSolution
		Debug|Any CPU = Debug|Any CPU
		Release|Any CPU = Release|Any CPU
	EndGlobalSection
	GlobalSection(ProjectConfigurationPlatforms) = postSolution
		{8889E44C-6AF9-423A-8875-4BEC2496D376}.Debug|Any CPU.ActiveCfg = Debug|Any CPU
		{8889E44C-6AF9-423A-8875-4BEC2496D376}.Debug|Any CPU.Build.0 = Debug|Any CPU
		{8889E44C-6AF9-423A-8875-4BEC2496D376}.Release|Any CPU.ActiveCfg = Release|Any CPU
		{8889E44C-6AF9-423A-8875-4BEC2496D376}.Release|Any CPU.Build.0 = Release|Any CPU
		{BC4FEEA1-4EC9-4562-9E8E-EB82E57E554A}.Debug|Any CPU.ActiveCfg = Debug|Any CPU
		{BC4FEEA1-4EC9-4562-9E8E-EB82E57E554A}.Debug|Any CPU.Build.0 = Debug|Any CPU
		{BC4FEEA1-4EC9-4562-9E8E-EB82E57E554A}.Release|Any CPU.ActiveCfg = Release|Any CPU
		{BC4FEEA1-4EC9-4562-9E8E-EB82E57E554A}.Release|Any CPU.Build.0 = Release|Any CPU
		{DB7BC253-08FC-45F4-AB71-9ACE82F55ED5}.Debug|Any CPU.ActiveCfg = Debug|Any CPU
		{DB7BC253-08FC-45F4-AB71-9ACE82F55ED5}.Debug|Any CPU.Build.0 = Debug|Any CPU
		{DB7BC253-08FC-45F4-AB71-9ACE82F55ED5}.Release|Any CPU.ActiveCfg = Release|Any CPU
		{DB7BC253-08FC-45F4-AB71-9ACE82F55ED5}.Release|Any CPU.Build.0 = Release|Any CPU
	EndGlobalSection
	GlobalSection(SolutionProperties) = preSolution
		HideSolutionNode = FALSE
	EndGlobalSection
EndGlobal
